Microsoft Visual Studio Solution File, Format Version 12.00
# Visual Studio Version 17
VisualStudioVersion = 17.5.2.0
MinimumVisualStudioVersion = 10.0.40219.1
Project("{FAE04EC0-301F-11D3-BF4B-00C04F79EFBC}") = "WareHouseFileArchiver.Tests", "WareHouseFileArchiver.Tests.csproj", "{B5094107-CDB1-1AE3-97F8-E5340033BBB3}"
EndProject
Global
	GlobalSection(SolutionConfigurationPlatforms) = preSolution
		Debug|Any CPU = Debug|Any CPU
		Release|Any CPU = Release|Any CPU
	EndGlobalSection
	GlobalSection(ProjectConfigurationPlatforms) = postSolution
		{B5094107-CDB1-1AE3-97F8-E5340033BBB3}.Debug|Any CPU.ActiveCfg = Debug|Any CPU
		{B5094107-CDB1-1AE3-97F8-E5340033BBB3}.Debug|Any CPU.Build.0 = Debug|Any CPU
		{B5094107-CDB1-1AE3-97F8-E5340033BBB3}.Release|Any CPU.ActiveCfg = Release|Any CPU
		{B5094107-CDB1-1AE3-97F8-E5340033BBB3}.Release|Any CPU.Build.0 = Release|Any CPU
	EndGlobalSection
	GlobalSection(SolutionProperties) = preSolution
		HideSolutionNode = FALSE
	EndGlobalSection
	GlobalSection(ExtensibilityGlobals) = postSolution
		SolutionGuid = {04DFEBA4-A3A7-405F-BF66-3FA454825650}
	EndGlobalSection
EndGlobal
